
Microsoft Visual Studio Solution File, Format Version 12.00
# Visual Studio 15
VisualStudioVersion = 15.0.26124.0
MinimumVisualStudioVersion = 15.0.26124.0
Project("{9A19103F-16F7-4668-BE54-9A1E7A4F7556}") = "WebViewer", "WebViewer\WebViewer.csproj", "{20FC4810-49CD-40E5-9127-ACC2B5F04F89}"
EndProject
Project("{9A19103F-16F7-4668-BE54-9A1E7A4F7556}") = "WebViewer.Tests", "WebViewer.Tests\WebViewer.Tests.csproj", "{FA7B4C13-5F42-4F15-B854-53D878764608}"
EndProject
Global
	GlobalSection(SolutionConfigurationPlatforms) = preSolution
		Debug|Any CPU = Debug|Any CPU
		Debug|x64 = Debug|x64
		Debug|x86 = Debug|x86
		Release|Any CPU = Release|Any CPU
		Release|x64 = Release|x64
		Release|x86 = Release|x86
	EndGlobalSection
	GlobalSection(ProjectConfigurationPlatforms) = postSolution
		{20FC4810-49CD-40E5-9127-ACC2B5F04F89}.Debug|Any CPU.ActiveCfg = Debug|Any CPU
		{20FC4810-49CD-40E5-9127-ACC2B5F04F89}.Debug|Any CPU.Build.0 = Debug|Any CPU
		{20FC4810-49CD-40E5-9127-ACC2B5F04F89}.Debug|x64.ActiveCfg = Debug|Any CPU
		{20FC4810-49CD-40E5-9127-ACC2B5F04F89}.Debug|x64.Build.0 = Debug|Any CPU
		{20FC4810-49CD-40E5-9127-ACC2B5F04F89}.Debug|x86.ActiveCfg = Debug|Any CPU
		{20FC4810-49CD-40E5-9127-ACC2B5F04F89}.Debug|x86.Build.0 = Debug|Any CPU
		{20FC4810-49CD-40E5-9127-ACC2B5F04F89}.Release|Any CPU.ActiveCfg = Release|Any CPU
		{20FC4810-49CD-40E5-9127-ACC2B5F04F89}.Release|Any CPU.Build.0 = Release|Any CPU
		{20FC4810-49CD-40E5-9127-ACC2B5F04F89}.Release|x64.ActiveCfg = Release|Any CPU
		{20FC4810-49CD-40E5-9127-ACC2B5F04F89}.Release|x64.Build.0 = Release|Any CPU
		{20FC4810-49CD-40E5-9127-ACC2B5F04F89}.Release|x86.ActiveCfg = Release|Any CPU
		{20FC4810-49CD-40E5-9127-ACC2B5F04F89}.Release|x86.Build.0 = Release|Any CPU
		{FA7B4C13-5F42-4F15-B854-53D878764608}.Debug|Any CPU.ActiveCfg = Debug|Any CPU
		{FA7B4C13-5F42-4F15-B854-53D878764608}.Debug|Any CPU.Build.0 = Debug|Any CPU
		{FA7B4C13-5F42-4F15-B854-53D878764608}.Debug|x64.ActiveCfg = Debug|Any CPU
		{FA7B4C13-5F42-4F15-B854-53D878764608}.Debug|x64.Build.0 = Debug|Any CPU
		{FA7B4C13-5F42-4F15-B854-53D878764608}.Debug|x86.ActiveCfg = Debug|Any CPU
		{FA7B4C13-5F42-4F15-B854-53D878764608}.Debug|x86.Build.0 = Debug|Any CPU
		{FA7B4C13-5F42-4F15-B854-53D878764608}.Release|Any CPU.ActiveCfg = Release|Any CPU
		{FA7B4C13-5F42-4F15-B854-53D878764608}.Release|Any CPU.Build.0 = Release|Any CPU
		{FA7B4C13-5F42-4F15-B854-53D878764608}.Release|x64.ActiveCfg = Release|Any CPU
		{FA7B4C13-5F42-4F15-B854-53D878764608}.Release|x64.Build.0 = Release|Any CPU
		{FA7B4C13-5F42-4F15-B854-53D878764608}.Release|x86.ActiveCfg = Release|Any CPU
		{FA7B4C13-5F42-4F15-B854-53D878764608}.Release|x86.Build.0 = Release|Any CPU
	EndGlobalSection
	GlobalSection(SolutionProperties) = preSolution
		HideSolutionNode = FALSE
	EndGlobalSection
	GlobalSection(ExtensibilityGlobals) = postSolution
		SolutionGuid = {5639B4AA-0313-4674-B851-AB4969B28936}
	EndGlobalSection
EndGlobal
